
Microsoft Visual Studio Solution File, Format Version 12.00
# Visual Studio Version 17
VisualStudioVersion = 17.13.35919.96 d17.13
MinimumVisualStudioVersion = 10.0.40219.1
Project("{FAE04EC0-301F-11D3-BF4B-00C04F79EFBC}") = "FileOrganizer", "FileOrganizer\FileOrganizer.csproj", "{746717F4-9327-46A6-AA55-E698CD2C66CE}"
EndProject
Global
	GlobalSection(SolutionConfigurationPlatforms) = preSolution
		Debug|Any CPU = Debug|Any CPU
		Release|Any CPU = Release|Any CPU
	EndGlobalSection
	GlobalSection(ProjectConfigurationPlatforms) = postSolution
		{746717F4-9327-46A6-AA55-E698CD2C66CE}.Debug|Any CPU.ActiveCfg = Debug|Any CPU
		{746717F4-9327-46A6-AA55-E698CD2C66CE}.Debug|Any CPU.Build.0 = Debug|Any CPU
		{746717F4-9327-46A6-AA55-E698CD2C66CE}.Release|Any CPU.ActiveCfg = Release|Any CPU
		{746717F4-9327-46A6-AA55-E698CD2C66CE}.Release|Any CPU.Build.0 = Release|Any CPU
	EndGlobalSection
	GlobalSection(SolutionProperties) = preSolution
		HideSolutionNode = FALSE
	EndGlobalSection
	GlobalSection(ExtensibilityGlobals) = postSolution
		SolutionGuid = {7B891A10-9180-4736-A489-CB58645F146C}
	EndGlobalSection
EndGlobal
